
Microsoft Visual Studio Solution File, Format Version 12.00
# Visual Studio Version 17
VisualStudioVersion = 17.10.35004.147
MinimumVisualStudioVersion = 10.0.40219.1
Project("{9A19103F-16F7-4668-BE54-9A1E7A4F7556}") = "MassMediaEdit", "MassMediaEdit\MassMediaEdit.csproj", "{48C03795-8960-4B76-9F93-E85E132C53F6}"
EndProject
Project("{FAE04EC0-301F-11D3-BF4B-00C04F79EFBC}") = "NfoFileFormat", "NfoFileFormat\NfoFileFormat.csproj", "{3985A8DF-ACFE-4FC1-BEE9-FECA6AB5424B}"
EndProject
Global
	GlobalSection(SolutionConfigurationPlatforms) = preSolution
		Debug|Any CPU = Debug|Any CPU
		Release|Any CPU = Release|Any CPU
	EndGlobalSection
	GlobalSection(ProjectConfigurationPlatforms) = postSolution
		{48C03795-8960-4B76-9F93-E85E132C53F6}.Debug|Any CPU.ActiveCfg = Debug|Any CPU
		{48C03795-8960-4B76-9F93-E85E132C53F6}.Debug|Any CPU.Build.0 = Debug|Any CPU
		{48C03795-8960-4B76-9F93-E85E132C53F6}.Release|Any CPU.ActiveCfg = Release|Any CPU
		{48C03795-8960-4B76-9F93-E85E132C53F6}.Release|Any CPU.Build.0 = Release|Any CPU
		{3985A8DF-ACFE-4FC1-BEE9-FECA6AB5424B}.Debug|Any CPU.ActiveCfg = Debug|Any CPU
		{3985A8DF-ACFE-4FC1-BEE9-FECA6AB5424B}.Debug|Any CPU.Build.0 = Debug|Any CPU
		{3985A8DF-ACFE-4FC1-BEE9-FECA6AB5424B}.Release|Any CPU.ActiveCfg = Release|Any CPU
		{3985A8DF-ACFE-4FC1-BEE9-FECA6AB5424B}.Release|Any CPU.Build.0 = Release|Any CPU
	EndGlobalSection
	GlobalSection(SolutionProperties) = preSolution
		HideSolutionNode = FALSE
	EndGlobalSection
	GlobalSection(ExtensibilityGlobals) = postSolution
		SolutionGuid = {3C656FDE-56B5-44F8-8A16-1F33FE270DC5}
	EndGlobalSection
EndGlobal
